{
  "pins" : [
    {
      "identity" : "stfilepath",
      "kind" : "remoteSourceControl",
      "location" : "https://github.com/linhay/STFilePath.git",
      "state" : {
        "revision" : "59b650f88054f46f0aa6b2356ad01f588e89b4f4",
        "version" : "1.2.0"
      }
    }
  ],
  "version" : 2
}
