{
  "pins" : [
    {
      "identity" : "stfilepath",
      "kind" : "remoteSourceControl",
      "location" : "https://github.com/linhay/STFilePath.git",
      "state" : {
        "revision" : "9c6bc8a2a2451e6947abbacc3b675f031be410e5",
        "version" : "1.2.4"
      }
    }
  ],
  "version" : 2
}
